// !$*UTF8*$!
{
	archiveVersion = 1;
	classes = {
	};
	objectVersion = 56;
	objects = {

/* Begin PBXBuildFile section */
		3CEF4A3D2A52A28400F80EBA /* AppleProductApp.swift in Sources */ = {isa = PBXBuildFile; fileRef = 3CEF4A3C2A52A28400F80EBA /* AppleProductApp.swift */; };
		3CEF4A3F2A52A28400F80EBA /* ContentView.swift in Sources */ = {isa = PBXBuildFile; fileRef = 3CEF4A3E2A52A28400F80EBA /* ContentView.swift */; };
		3CEF4A412A52A28500F80EBA /* Assets.xcassets in Resources */ = {isa = PBXBuildFile; fileRef = 3CEF4A402A52A28500F80EBA /* Assets.xcassets */; };
		3CEF4A442A52A28500F80EBA /* Preview Assets.xcassets in Resources */ = {isa = PBXBuildFile; fileRef = 3CEF4A432A52A28500F80EBA /* Preview Assets.xcassets */; };
		3CEF4A502A52A2F700F80EBA /* Apple.swift in Sources */ = {isa = PBXBuildFile; fileRef = 3CEF4A4F2A52A2F700F80EBA /* Apple.swift */; };
		3CEF4A522A52A51D00F80EBA /* MacView.swift in Sources */ = {isa = PBXBuildFile; fileRef = 3CEF4A512A52A51D00F80EBA /* MacView.swift */; };
		3CEF4A542A52A52D00F80EBA /* IPhoneView.swift in Sources */ = {isa = PBXBuildFile; fileRef = 3CEF4A532A52A52D00F80EBA /* IPhoneView.swift */; };
		3CEF4A562A52A53600F80EBA /* IPadVIew.swift in Sources */ = {isa = PBXBuildFile; fileRef = 3CEF4A552A52A53600F80EBA /* IPadVIew.swift */; };
		3CEF4A582A52A54E00F80EBA /* AirPodsView.swift in Sources */ = {isa = PBXBuildFile; fileRef = 3CEF4A572A52A54E00F80EBA /* AirPodsView.swift */; };
		3CEF4A5A2A52A55C00F80EBA /* AppleWatchView.swift in Sources */ = {isa = PBXBuildFile; fileRef = 3CEF4A592A52A55C00F80EBA /* AppleWatchView.swift */; };
		3CEF4A5C2A52A62200F80EBA /* IPad.swift in Sources */ = {isa = PBXBuildFile; fileRef = 3CEF4A5B2A52A62200F80EBA /* IPad.swift */; };
		3CEF4A5E2A52ABBC00F80EBA /* AppleWatch.swift in Sources */ = {isa = PBXBuildFile; fileRef = 3CEF4A5D2A52ABBC00F80EBA /* AppleWatch.swift */; };
		3CEF4A602A52AC7000F80EBA /* AirPods.swift in Sources */ = {isa = PBXBuildFile; fileRef = 3CEF4A5F2A52AC7000F80EBA /* AirPods.swift */; };
		3CEF4A622A52ACED00F80EBA /* Mac.swift in Sources */ = {isa = PBXBuildFile; fileRef = 3CEF4A612A52ACED00F80EBA /* Mac.swift */; };
		3CEF4A642A52ADD000F80EBA /* AppleWatchData.swift in Sources */ = {isa = PBXBuildFile; fileRef = 3CEF4A632A52ADD000F80EBA /* AppleWatchData.swift */; };
		3CEF4A662A52B29A00F80EBA /* IPadData.swift in Sources */ = {isa = PBXBuildFile; fileRef = 3CEF4A652A52B29A00F80EBA /* IPadData.swift */; };
		3CEF4A682A52BA8E00F80EBA /* AirPodsData.swift in Sources */ = {isa = PBXBuildFile; fileRef = 3CEF4A672A52BA8E00F80EBA /* AirPodsData.swift */; };
		3CEF4A6A2A52BB7A00F80EBA /* IPhoneData.swift in Sources */ = {isa = PBXBuildFile; fileRef = 3CEF4A692A52BB7A00F80EBA /* IPhoneData.swift */; };
		3CEF4A6C2A52BB9500F80EBA /* IPhone.swift in Sources */ = {isa = PBXBuildFile; fileRef = 3CEF4A6B2A52BB9500F80EBA /* IPhone.swift */; };
		3CEF4A6E2A52BC4300F80EBA /* MacData.swift in Sources */ = {isa = PBXBuildFile; fileRef = 3CEF4A6D2A52BC4300F80EBA /* MacData.swift */; };
/* End PBXBuildFile section */

/* Begin PBXFileReference section */
		3CEF4A392A52A28400F80EBA /* AppleProduct.app */ = {isa = PBXFileReference; explicitFileType = wrapper.application; includeInIndex = 0; path = AppleProduct.app; sourceTree = BUILT_PRODUCTS_DIR; };
		3CEF4A3C2A52A28400F80EBA /* AppleProductApp.swift */ = {isa = PBXFileReference; lastKnownFileType = sourcecode.swift; path = AppleProductApp.swift; sourceTree = "<group>"; };
		3CEF4A3E2A52A28400F80EBA /* ContentView.swift */ = {isa = PBXFileReference; lastKnownFileType = sourcecode.swift; path = ContentView.swift; sourceTree = "<group>"; };
		3CEF4A402A52A28500F80EBA /* Assets.xcassets */ = {isa = PBXFileReference; lastKnownFileType = folder.assetcatalog; path = Assets.xcassets; sourceTree = "<group>"; };
		3CEF4A432A52A28500F80EBA /* Preview Assets.xcassets */ = {isa = PBXFileReference; lastKnownFileType = folder.assetcatalog; path = "Preview Assets.xcassets"; sourceTree = "<group>"; };
		3CEF4A4F2A52A2F700F80EBA /* Apple.swift */ = {isa = PBXFileReference; lastKnownFileType = sourcecode.swift; path = Apple.swift; sourceTree = "<group>"; };
		3CEF4A512A52A51D00F80EBA /* MacView.swift */ = {isa = PBXFileReference; lastKnownFileType = sourcecode.swift; path = MacView.swift; sourceTree = "<group>"; };
		3CEF4A532A52A52D00F80EBA /* IPhoneView.swift */ = {isa = PBXFileReference; lastKnownFileType = sourcecode.swift; path = IPhoneView.swift; sourceTree = "<group>"; };
		3CEF4A552A52A53600F80EBA /* IPadVIew.swift */ = {isa = PBXFileReference; lastKnownFileType = sourcecode.swift; path = IPadVIew.swift; sourceTree = "<group>"; };
		3CEF4A572A52A54E00F80EBA /* AirPodsView.swift */ = {isa = PBXFileReference; lastKnownFileType = sourcecode.swift; path = AirPodsView.swift; sourceTree = "<group>"; };
		3CEF4A592A52A55C00F80EBA /* AppleWatchView.swift */ = {isa = PBXFileReference; lastKnownFileType = sourcecode.swift; path = AppleWatchView.swift; sourceTree = "<group>"; };
		3CEF4A5B2A52A62200F80EBA /* IPad.swift */ = {isa = PBXFileReference; lastKnownFileType = sourcecode.swift; path = IPad.swift; sourceTree = "<group>"; };
		3CEF4A5D2A52ABBC00F80EBA /* AppleWatch.swift */ = {isa = PBXFileReference; lastKnownFileType = sourcecode.swift; path = AppleWatch.swift; sourceTree = "<group>"; };
		3CEF4A5F2A52AC7000F80EBA /* AirPods.swift */ = {isa = PBXFileReference; lastKnownFileType = sourcecode.swift; path = AirPods.swift; sourceTree = "<group>"; };
		3CEF4A612A52ACED00F80EBA /* Mac.swift */ = {isa = PBXFileReference; lastKnownFileType = sourcecode.swift; path = Mac.swift; sourceTree = "<group>"; };
		3CEF4A632A52ADD000F80EBA /* AppleWatchData.swift */ = {isa = PBXFileReference; lastKnownFileType = sourcecode.swift; path = AppleWatchData.swift; sourceTree = "<group>"; };
		3CEF4A652A52B29A00F80EBA /* IPadData.swift */ = {isa = PBXFileReference; lastKnownFileType = sourcecode.swift; path = IPadData.swift; sourceTree = "<group>"; };
		3CEF4A672A52BA8E00F80EBA /* AirPodsData.swift */ = {isa = PBXFileReference; lastKnownFileType = sourcecode.swift; path = AirPodsData.swift; sourceTree = "<group>"; };
		3CEF4A692A52BB7A00F80EBA /* IPhoneData.swift */ = {isa = PBXFileReference; lastKnownFileType = sourcecode.swift; path = IPhoneData.swift; sourceTree = "<group>"; };
		3CEF4A6B2A52BB9500F80EBA /* IPhone.swift */ = {isa = PBXFileReference; lastKnownFileType = sourcecode.swift; path = IPhone.swift; sourceTree = "<group>"; };
		3CEF4A6D2A52BC4300F80EBA /* MacData.swift */ = {isa = PBXFileReference; lastKnownFileType = sourcecode.swift; path = MacData.swift; sourceTree = "<group>"; };
/* End PBXFileReference section */

/* Begin PBXFrameworksBuildPhase section */
		3CEF4A362A52A28400F80EBA /* Frameworks */ = {
			isa = PBXFrameworksBuildPhase;
			buildActionMask = 2147483647;
			files = (
			);
			runOnlyForDeploymentPostprocessing = 0;
		};
/* End PBXFrameworksBuildPhase section */

/* Begin PBXGroup section */
		3CEF4A302A52A28300F80EBA = {
			isa = PBXGroup;
			children = (
				3CEF4A3B2A52A28400F80EBA /* AppleProduct */,
				3CEF4A3A2A52A28400F80EBA /* Products */,
			);
			sourceTree = "<group>";
		};
		3CEF4A3A2A52A28400F80EBA /* Products */ = {
			isa = PBXGroup;
			children = (
				3CEF4A392A52A28400F80EBA /* AppleProduct.app */,
			);
			name = Products;
			sourceTree = "<group>";
		};
		3CEF4A3B2A52A28400F80EBA /* AppleProduct */ = {
			isa = PBXGroup;
			children = (
				3CEF4A3C2A52A28400F80EBA /* AppleProductApp.swift */,
				3CEF4A4D2A52A2C600F80EBA /* Data */,
				3CEF4A4C2A52A2C000F80EBA /* Protocols */,
				3CEF4A4A2A52A2AD00F80EBA /* Models */,
				3CEF4A4B2A52A2B200F80EBA /* Views */,
				3CEF4A402A52A28500F80EBA /* Assets.xcassets */,
				3CEF4A422A52A28500F80EBA /* Preview Content */,
			);
			path = AppleProduct;
			sourceTree = "<group>";
		};
		3CEF4A422A52A28500F80EBA /* Preview Content */ = {
			isa = PBXGroup;
			children = (
				3CEF4A432A52A28500F80EBA /* Preview Assets.xcassets */,
			);
			path = "Preview Content";
			sourceTree = "<group>";
		};
		3CEF4A4A2A52A2AD00F80EBA /* Models */ = {
			isa = PBXGroup;
			children = (
				3CEF4A4F2A52A2F700F80EBA /* Apple.swift */,
				3CEF4A5D2A52ABBC00F80EBA /* AppleWatch.swift */,
				3CEF4A5F2A52AC7000F80EBA /* AirPods.swift */,
				3CEF4A5B2A52A62200F80EBA /* IPad.swift */,
				3CEF4A612A52ACED00F80EBA /* Mac.swift */,
				3CEF4A6B2A52BB9500F80EBA /* IPhone.swift */,
			);
			path = Models;
			sourceTree = "<group>";
		};
		3CEF4A4B2A52A2B200F80EBA /* Views */ = {
			isa = PBXGroup;
			children = (
				3CEF4A3E2A52A28400F80EBA /* ContentView.swift */,
				3CEF4A512A52A51D00F80EBA /* MacView.swift */,
				3CEF4A532A52A52D00F80EBA /* IPhoneView.swift */,
				3CEF4A552A52A53600F80EBA /* IPadVIew.swift */,
				3CEF4A572A52A54E00F80EBA /* AirPodsView.swift */,
				3CEF4A592A52A55C00F80EBA /* AppleWatchView.swift */,
			);
			path = Views;
			sourceTree = "<group>";
		};
		3CEF4A4C2A52A2C000F80EBA /* Protocols */ = {
			isa = PBXGroup;
			children = (
			);
			path = Protocols;
			sourceTree = "<group>";
		};
		3CEF4A4D2A52A2C600F80EBA /* Data */ = {
			isa = PBXGroup;
			children = (
				3CEF4A632A52ADD000F80EBA /* AppleWatchData.swift */,
				3CEF4A652A52B29A00F80EBA /* IPadData.swift */,
				3CEF4A692A52BB7A00F80EBA /* IPhoneData.swift */,
				3CEF4A672A52BA8E00F80EBA /* AirPodsData.swift */,
				3CEF4A6D2A52BC4300F80EBA /* MacData.swift */,
			);
			path = Data;
			sourceTree = "<group>";
		};
/* End PBXGroup section */

/* Begin PBXNativeTarget section */
		3CEF4A382A52A28400F80EBA /* AppleProduct */ = {
			isa = PBXNativeTarget;
			buildConfigurationList = 3CEF4A472A52A28500F80EBA /* Build configuration list for PBXNativeTarget "AppleProduct" */;
			buildPhases = (
				3CEF4A352A52A28400F80EBA /* Sources */,
				3CEF4A362A52A28400F80EBA /* Frameworks */,
				3CEF4A372A52A28400F80EBA /* Resources */,
			);
			buildRules = (
			);
			dependencies = (
			);
			name = AppleProduct;
			productName = AppleProduct;
			productReference = 3CEF4A392A52A28400F80EBA /* AppleProduct.app */;
			productType = "com.apple.product-type.application";
		};
/* End PBXNativeTarget section */

/* Begin PBXProject section */
		3CEF4A312A52A28300F80EBA /* Project object */ = {
			isa = PBXProject;
			attributes = {
				BuildIndependentTargetsInParallel = 1;
				LastSwiftUpdateCheck = 1430;
				LastUpgradeCheck = 1430;
				TargetAttributes = {
					3CEF4A382A52A28400F80EBA = {
						CreatedOnToolsVersion = 14.3.1;
					};
				};
			};
			buildConfigurationList = 3CEF4A342A52A28300F80EBA /* Build configuration list for PBXProject "AppleProduct" */;
			compatibilityVersion = "Xcode 14.0";
			developmentRegion = en;
			hasScannedForEncodings = 0;
			knownRegions = (
				en,
				Base,
			);
			mainGroup = 3CEF4A302A52A28300F80EBA;
			productRefGroup = 3CEF4A3A2A52A28400F80EBA /* Products */;
			projectDirPath = "";
			projectRoot = "";
			targets = (
				3CEF4A382A52A28400F80EBA /* AppleProduct */,
			);
		};
/* End PBXProject section */

/* Begin PBXResourcesBuildPhase section */
		3CEF4A372A52A28400F80EBA /* Resources */ = {
			isa = PBXResourcesBuildPhase;
			buildActionMask = 2147483647;
			files = (
				3CEF4A442A52A28500F80EBA /* Preview Assets.xcassets in Resources */,
				3CEF4A412A52A28500F80EBA /* Assets.xcassets in Resources */,
			);
			runOnlyForDeploymentPostprocessing = 0;
		};
/* End PBXResourcesBuildPhase section */

/* Begin PBXSourcesBuildPhase section */
		3CEF4A352A52A28400F80EBA /* Sources */ = {
			isa = PBXSourcesBuildPhase;
			buildActionMask = 2147483647;
			files = (
				3CEF4A682A52BA8E00F80EBA /* AirPodsData.swift in Sources */,
				3CEF4A5E2A52ABBC00F80EBA /* AppleWatch.swift in Sources */,
				3CEF4A642A52ADD000F80EBA /* AppleWatchData.swift in Sources */,
				3CEF4A622A52ACED00F80EBA /* Mac.swift in Sources */,
				3CEF4A502A52A2F700F80EBA /* Apple.swift in Sources */,
				3CEF4A3F2A52A28400F80EBA /* ContentView.swift in Sources */,
				3CEF4A5C2A52A62200F80EBA /* IPad.swift in Sources */,
				3CEF4A562A52A53600F80EBA /* IPadVIew.swift in Sources */,
				3CEF4A6A2A52BB7A00F80EBA /* IPhoneData.swift in Sources */,
				3CEF4A6E2A52BC4300F80EBA /* MacData.swift in Sources */,
				3CEF4A3D2A52A28400F80EBA /* AppleProductApp.swift in Sources */,
				3CEF4A5A2A52A55C00F80EBA /* AppleWatchView.swift in Sources */,
				3CEF4A662A52B29A00F80EBA /* IPadData.swift in Sources */,
				3CEF4A542A52A52D00F80EBA /* IPhoneView.swift in Sources */,
				3CEF4A522A52A51D00F80EBA /* MacView.swift in Sources */,
				3CEF4A6C2A52BB9500F80EBA /* IPhone.swift in Sources */,
				3CEF4A602A52AC7000F80EBA /* AirPods.swift in Sources */,
				3CEF4A582A52A54E00F80EBA /* AirPodsView.swift in Sources */,
			);
			runOnlyForDeploymentPostprocessing = 0;
		};
/* End PBXSourcesBuildPhase section */

/* Begin XCBuildConfiguration section */
		3CEF4A452A52A28500F80EBA /* Debug */ = {
			isa = XCBuildConfiguration;
			buildSettings = {
				ALWAYS_SEARCH_USER_PATHS = NO;
				CLANG_ANALYZER_NONNULL = YES;
				CLANG_ANALYZER_NUMBER_OBJECT_CONVERSION = YES_AGGRESSIVE;
				CLANG_CXX_LANGUAGE_STANDARD = "gnu++20";
				CLANG_ENABLE_MODULES = YES;
				CLANG_ENABLE_OBJC_ARC = YES;
				CLANG_ENABLE_OBJC_WEAK = YES;
				CLANG_WARN_BLOCK_CAPTURE_AUTORELEASING = YES;
				CLANG_WARN_BOOL_CONVERSION = YES;
				CLANG_WARN_COMMA = YES;
				CLANG_WARN_CONSTANT_CONVERSION = YES;
				CLANG_WARN_DEPRECATED_OBJC_IMPLEMENTATIONS = YES;
				CLANG_WARN_DIRECT_OBJC_ISA_USAGE = YES_ERROR;
				CLANG_WARN_DOCUMENTATION_COMMENTS = YES;
				CLANG_WARN_EMPTY_BODY = YES;
				CLANG_WARN_ENUM_CONVERSION = YES;
				CLANG_WARN_INFINITE_RECURSION = YES;
				CLANG_WARN_INT_CONVERSION = YES;
				CLANG_WARN_NON_LITERAL_NULL_CONVERSION = YES;
				CLANG_WARN_OBJC_IMPLICIT_RETAIN_SELF = YES;
				CLANG_WARN_OBJC_LITERAL_CONVERSION = YES;
				CLANG_WARN_OBJC_ROOT_CLASS = YES_ERROR;
				CLANG_WARN_QUOTED_INCLUDE_IN_FRAMEWORK_HEADER = YES;
				CLANG_WARN_RANGE_LOOP_ANALYSIS = YES;
				CLANG_WARN_STRICT_PROTOTYPES = YES;
				CLANG_WARN_SUSPICIOUS_MOVE = YES;
				CLANG_WARN_UNGUARDED_AVAILABILITY = YES_AGGRESSIVE;
				CLANG_WARN_UNREACHABLE_CODE = YES;
				CLANG_WARN__DUPLICATE_METHOD_MATCH = YES;
				COPY_PHASE_STRIP = NO;
				DEBUG_INFORMATION_FORMAT = dwarf;
				ENABLE_STRICT_OBJC_MSGSEND = YES;
				ENABLE_TESTABILITY = YES;
				GCC_C_LANGUAGE_STANDARD = gnu11;
				GCC_DYNAMIC_NO_PIC = NO;
				GCC_NO_COMMON_BLOCKS = YES;
				GCC_OPTIMIZATION_LEVEL = 0;
				GCC_PREPROCESSOR_DEFINITIONS = (
					"DEBUG=1",
					"$(inherited)",
				);
				GCC_WARN_64_TO_32_BIT_CONVERSION = YES;
				GCC_WARN_ABOUT_RETURN_TYPE = YES_ERROR;
				GCC_WARN_UNDECLARED_SELECTOR = YES;
				GCC_WARN_UNINITIALIZED_AUTOS = YES_AGGRESSIVE;
				GCC_WARN_UNUSED_FUNCTION = YES;
				GCC_WARN_UNUSED_VARIABLE = YES;
				IPHONEOS_DEPLOYMENT_TARGET = 16.4;
				MTL_ENABLE_DEBUG_INFO = INCLUDE_SOURCE;
				MTL_FAST_MATH = YES;
				ONLY_ACTIVE_ARCH = YES;
				SDKROOT = iphoneos;
				SWIFT_ACTIVE_COMPILATION_CONDITIONS = DEBUG;
				SWIFT_OPTIMIZATION_LEVEL = "-Onone";
			};
			name = Debug;
		};
		3CEF4A462A52A28500F80EBA /* Release */ = {
			isa = XCBuildConfiguration;
			buildSettings = {
				ALWAYS_SEARCH_USER_PATHS = NO;
				CLANG_ANALYZER_NONNULL = YES;
				CLANG_ANALYZER_NUMBER_OBJECT_CONVERSION = YES_AGGRESSIVE;
				CLANG_CXX_LANGUAGE_STANDARD = "gnu++20";
				CLANG_ENABLE_MODULES = YES;
				CLANG_ENABLE_OBJC_ARC = YES;
				CLANG_ENABLE_OBJC_WEAK = YES;
				CLANG_WARN_BLOCK_CAPTURE_AUTORELEASING = YES;
				CLANG_WARN_BOOL_CONVERSION = YES;
				CLANG_WARN_COMMA = YES;
				CLANG_WARN_CONSTANT_CONVERSION = YES;
				CLANG_WARN_DEPRECATED_OBJC_IMPLEMENTATIONS = YES;
				CLANG_WARN_DIRECT_OBJC_ISA_USAGE = YES_ERROR;
				CLANG_WARN_DOCUMENTATION_COMMENTS = YES;
				CLANG_WARN_EMPTY_BODY = YES;
				CLANG_WARN_ENUM_CONVERSION = YES;
				CLANG_WARN_INFINITE_RECURSION = YES;
				CLANG_WARN_INT_CONVERSION = YES;
				CLANG_WARN_NON_LITERAL_NULL_CONVERSION = YES;
				CLANG_WARN_OBJC_IMPLICIT_RETAIN_SELF = YES;
				CLANG_WARN_OBJC_LITERAL_CONVERSION = YES;
				CLANG_WARN_OBJC_ROOT_CLASS = YES_ERROR;
				CLANG_WARN_QUOTED_INCLUDE_IN_FRAMEWORK_HEADER = YES;
				CLANG_WARN_RANGE_LOOP_ANALYSIS = YES;
				CLANG_WARN_STRICT_PROTOTYPES = YES;
				CLANG_WARN_SUSPICIOUS_MOVE = YES;
				CLANG_WARN_UNGUARDED_AVAILABILITY = YES_AGGRESSIVE;
				CLANG_WARN_UNREACHABLE_CODE = YES;
				CLANG_WARN__DUPLICATE_METHOD_MATCH = YES;
				COPY_PHASE_STRIP = NO;
				DEBUG_INFORMATION_FORMAT = "dwarf-with-dsym";
				ENABLE_NS_ASSERTIONS = NO;
				ENABLE_STRICT_OBJC_MSGSEND = YES;
				GCC_C_LANGUAGE_STANDARD = gnu11;
				GCC_NO_COMMON_BLOCKS = YES;
				GCC_WARN_64_TO_32_BIT_CONVERSION = YES;
				GCC_WARN_ABOUT_RETURN_TYPE = YES_ERROR;
				GCC_WARN_UNDECLARED_SELECTOR = YES;
				GCC_WARN_UNINITIALIZED_AUTOS = YES_AGGRESSIVE;
				GCC_WARN_UNUSED_FUNCTION = YES;
				GCC_WARN_UNUSED_VARIABLE = YES;
				IPHONEOS_DEPLOYMENT_TARGET = 16.4;
				MTL_ENABLE_DEBUG_INFO = NO;
				MTL_FAST_MATH = YES;
				SDKROOT = iphoneos;
				SWIFT_COMPILATION_MODE = wholemodule;
				SWIFT_OPTIMIZATION_LEVEL = "-O";
				VALIDATE_PRODUCT = YES;
			};
			name = Release;
		};
		3CEF4A482A52A28500F80EBA /* Debug */ = {
			isa = XCBuildConfiguration;
			buildSettings = {
				ASSETCATALOG_COMPILER_APPICON_NAME = AppIcon;
				ASSETCATALOG_COMPILER_GLOBAL_ACCENT_COLOR_NAME = AccentColor;
				CODE_SIGN_STYLE = Automatic;
				CURRENT_PROJECT_VERSION = 1;
				DEVELOPMENT_ASSET_PATHS = "\"AppleProduct/Preview Content\"";
				DEVELOPMENT_TEAM = MAZQ6JDBT4;
				ENABLE_PREVIEWS = YES;
				GENERATE_INFOPLIST_FILE = YES;
				INFOPLIST_KEY_UIApplicationSceneManifest_Generation = YES;
				INFOPLIST_KEY_UIApplicationSupportsIndirectInputEvents = YES;
				INFOPLIST_KEY_UILaunchScreen_Generation = YES;
				INFOPLIST_KEY_UISupportedInterfaceOrientations_iPad = "UIInterfaceOrientationPortrait UIInterfaceOrientationPortraitUpsideDown UIInterfaceOrientationLandscapeLeft UIInterfaceOrientationLandscapeRight";
				INFOPLIST_KEY_UISupportedInterfaceOrientations_iPhone = "UIInterfaceOrientationPortrait UIInterfaceOrientationLandscapeLeft UIInterfaceOrientationLandscapeRight";
				LD_RUNPATH_SEARCH_PATHS = (
					"$(inherited)",
					"@executable_path/Frameworks",
				);
				MARKETING_VERSION = 1.0;
				PRODUCT_BUNDLE_IDENTIFIER = com.keen.AppleProduct;
				PRODUCT_NAME = "$(TARGET_NAME)";
				SWIFT_EMIT_LOC_STRINGS = YES;
				SWIFT_VERSION = 5.0;
				TARGETED_DEVICE_FAMILY = "1,2";
			};
			name = Debug;
		};
		3CEF4A492A52A28500F80EBA /* Release */ = {
			isa = XCBuildConfiguration;
			buildSettings = {
				ASSETCATALOG_COMPILER_APPICON_NAME = AppIcon;
				ASSETCATALOG_COMPILER_GLOBAL_ACCENT_COLOR_NAME = AccentColor;
				CODE_SIGN_STYLE = Automatic;
				CURRENT_PROJECT_VERSION = 1;
				DEVELOPMENT_ASSET_PATHS = "\"AppleProduct/Preview Content\"";
				DEVELOPMENT_TEAM = MAZQ6JDBT4;
				ENABLE_PREVIEWS = YES;
				GENERATE_INFOPLIST_FILE = YES;
				INFOPLIST_KEY_UIApplicationSceneManifest_Generation = YES;
				INFOPLIST_KEY_UIApplicationSupportsIndirectInputEvents = YES;
				INFOPLIST_KEY_UILaunchScreen_Generation = YES;
				INFOPLIST_KEY_UISupportedInterfaceOrientations_iPad = "UIInterfaceOrientationPortrait UIInterfaceOrientationPortraitUpsideDown UIInterfaceOrientationLandscapeLeft UIInterfaceOrientationLandscapeRight";
				INFOPLIST_KEY_UISupportedInterfaceOrientations_iPhone = "UIInterfaceOrientationPortrait UIInterfaceOrientationLandscapeLeft UIInterfaceOrientationLandscapeRight";
				LD_RUNPATH_SEARCH_PATHS = (
					"$(inherited)",
					"@executable_path/Frameworks",
				);
				MARKETING_VERSION = 1.0;
				PRODUCT_BUNDLE_IDENTIFIER = com.keen.AppleProduct;
				PRODUCT_NAME = "$(TARGET_NAME)";
				SWIFT_EMIT_LOC_STRINGS = YES;
				SWIFT_VERSION = 5.0;
				TARGETED_DEVICE_FAMILY = "1,2";
			};
			name = Release;
		};
/* End XCBuildConfiguration section */

/* Begin XCConfigurationList section */
		3CEF4A342A52A28300F80EBA /* Build configuration list for PBXProject "AppleProduct" */ = {
			isa = XCConfigurationList;
			buildConfigurations = (
				3CEF4A452A52A28500F80EBA /* Debug */,
				3CEF4A462A52A28500F80EBA /* Release */,
			);
			defaultConfigurationIsVisible = 0;
			defaultConfigurationName = Release;
		};
		3CEF4A472A52A28500F80EBA /* Build configuration list for PBXNativeTarget "AppleProduct" */ = {
			isa = XCConfigurationList;
			buildConfigurations = (
				3CEF4A482A52A28500F80EBA /* Debug */,
				3CEF4A492A52A28500F80EBA /* Release */,
			);
			defaultConfigurationIsVisible = 0;
			defaultConfigurationName = Release;
		};
/* End XCConfigurationList section */
	};
	rootObject = 3CEF4A312A52A28300F80EBA /* Project object */;
}
